
Microsoft Visual Studio Solution File, Format Version 12.00
# Visual Studio Version 16
VisualStudioVersion = 16.0.29324.140
MinimumVisualStudioVersion = 10.0.40219.1
Project("{9A19103F-16F7-4668-BE54-9A1E7A4F7556}") = "CalculatorApp", "CalculatorApp\CalculatorApp.csproj", "{5FC752C5-7561-448C-863F-ED39D5901685}"
EndProject
Project("{9A19103F-16F7-4668-BE54-9A1E7A4F7556}") = "OperationsLibrary", "OperationsLibrary\OperationsLibrary.csproj", "{A4F64773-099F-448C-B961-75811F0716F1}"
EndProject
Project("{9A19103F-16F7-4668-BE54-9A1E7A4F7556}") = "CalculationTest", "CalculationTest\CalculationTest.csproj", "{7C1E1D9C-9DAB-42D9-A3A6-667450E3C3C9}"
EndProject
Global
	GlobalSection(SolutionConfigurationPlatforms) = preSolution
		Debug|Any CPU = Debug|Any CPU
		Release|Any CPU = Release|Any CPU
	EndGlobalSection
	GlobalSection(ProjectConfigurationPlatforms) = postSolution
		{5FC752C5-7561-448C-863F-ED39D5901685}.Debug|Any CPU.ActiveCfg = Debug|Any CPU
		{5FC752C5-7561-448C-863F-ED39D5901685}.Debug|Any CPU.Build.0 = Debug|Any CPU
		{5FC752C5-7561-448C-863F-ED39D5901685}.Release|Any CPU.ActiveCfg = Release|Any CPU
		{5FC752C5-7561-448C-863F-ED39D5901685}.Release|Any CPU.Build.0 = Release|Any CPU
		{A4F64773-099F-448C-B961-75811F0716F1}.Debug|Any CPU.ActiveCfg = Debug|Any CPU
		{A4F64773-099F-448C-B961-75811F0716F1}.Debug|Any CPU.Build.0 = Debug|Any CPU
		{A4F64773-099F-448C-B961-75811F0716F1}.Release|Any CPU.ActiveCfg = Release|Any CPU
		{A4F64773-099F-448C-B961-75811F0716F1}.Release|Any CPU.Build.0 = Release|Any CPU
		{7C1E1D9C-9DAB-42D9-A3A6-667450E3C3C9}.Debug|Any CPU.ActiveCfg = Debug|Any CPU
		{7C1E1D9C-9DAB-42D9-A3A6-667450E3C3C9}.Debug|Any CPU.Build.0 = Debug|Any CPU
		{7C1E1D9C-9DAB-42D9-A3A6-667450E3C3C9}.Release|Any CPU.ActiveCfg = Release|Any CPU
		{7C1E1D9C-9DAB-42D9-A3A6-667450E3C3C9}.Release|Any CPU.Build.0 = Release|Any CPU
	EndGlobalSection
	GlobalSection(SolutionProperties) = preSolution
		HideSolutionNode = FALSE
	EndGlobalSection
	GlobalSection(ExtensibilityGlobals) = postSolution
		SolutionGuid = {4C54EDC8-2EE1-411D-AA7A-F62B8F82E7C9}
	EndGlobalSection
EndGlobal
